
Microsoft Visual Studio Solution File, Format Version 12.00
Project("{FAE04EC0-301F-11D3-BF4B-00C04F79EFBC}") = "FullStackFun", "FullStackFun\FullStackFun.csproj", "{848FBCF5-27DB-40B6-96D1-35303D026698}"
EndProject
Global
	GlobalSection(SolutionConfigurationPlatforms) = preSolution
		Debug|Any CPU = Debug|Any CPU
		Release|Any CPU = Release|Any CPU
	EndGlobalSection
	GlobalSection(ProjectConfigurationPlatforms) = postSolution
		{848FBCF5-27DB-40B6-96D1-35303D026698}.Debug|Any CPU.ActiveCfg = Debug|Any CPU
		{848FBCF5-27DB-40B6-96D1-35303D026698}.Debug|Any CPU.Build.0 = Debug|Any CPU
		{848FBCF5-27DB-40B6-96D1-35303D026698}.Release|Any CPU.ActiveCfg = Release|Any CPU
		{848FBCF5-27DB-40B6-96D1-35303D026698}.Release|Any CPU.Build.0 = Release|Any CPU
	EndGlobalSection
EndGlobal
